
Microsoft Visual Studio Solution File, Format Version 12.00
# Visual Studio Version 16
VisualStudioVersion = 16.0.32002.261
MinimumVisualStudioVersion = 10.0.40219.1
Project("{FAE04EC0-301F-11D3-BF4B-00C04F79EFBC}") = "Task18", "Task18\Task18.csproj", "{CA2CCADB-3860-4206-A489-3F49B706E810}"
EndProject
Global
	GlobalSection(SolutionConfigurationPlatforms) = preSolution
		Debug|Any CPU = Debug|Any CPU
		Release|Any CPU = Release|Any CPU
	EndGlobalSection
	GlobalSection(ProjectConfigurationPlatforms) = postSolution
		{CA2CCADB-3860-4206-A489-3F49B706E810}.Debug|Any CPU.ActiveCfg = Debug|Any CPU
		{CA2CCADB-3860-4206-A489-3F49B706E810}.Debug|Any CPU.Build.0 = Debug|Any CPU
		{CA2CCADB-3860-4206-A489-3F49B706E810}.Release|Any CPU.ActiveCfg = Release|Any CPU
		{CA2CCADB-3860-4206-A489-3F49B706E810}.Release|Any CPU.Build.0 = Release|Any CPU
	EndGlobalSection
	GlobalSection(SolutionProperties) = preSolution
		HideSolutionNode = FALSE
	EndGlobalSection
	GlobalSection(ExtensibilityGlobals) = postSolution
		SolutionGuid = {48749927-A75C-44F4-BA7D-E064D00A7378}
	EndGlobalSection
EndGlobal
